
Microsoft Visual Studio Solution File, Format Version 12.00
# Visual Studio Version 17
VisualStudioVersion = 17.14.36518.9 d17.14
MinimumVisualStudioVersion = 10.0.40219.1
Project("{FAE04EC0-301F-11D3-BF4B-00C04F79EFBC}") = "oop-2020-a-0930-switch-with-exceptions", "oop-2020-a-0930-switch-with-exceptions\oop-2020-a-0930-switch-with-exceptions.csproj", "{324A3090-F1C0-4320-98CB-92E9C276B0CC}"
EndProject
Global
	GlobalSection(SolutionConfigurationPlatforms) = preSolution
		Debug|Any CPU = Debug|Any CPU
		Release|Any CPU = Release|Any CPU
	EndGlobalSection
	GlobalSection(ProjectConfigurationPlatforms) = postSolution
		{324A3090-F1C0-4320-98CB-92E9C276B0CC}.Debug|Any CPU.ActiveCfg = Debug|Any CPU
		{324A3090-F1C0-4320-98CB-92E9C276B0CC}.Debug|Any CPU.Build.0 = Debug|Any CPU
		{324A3090-F1C0-4320-98CB-92E9C276B0CC}.Release|Any CPU.ActiveCfg = Release|Any CPU
		{324A3090-F1C0-4320-98CB-92E9C276B0CC}.Release|Any CPU.Build.0 = Release|Any CPU
	EndGlobalSection
	GlobalSection(SolutionProperties) = preSolution
		HideSolutionNode = FALSE
	EndGlobalSection
	GlobalSection(ExtensibilityGlobals) = postSolution
		SolutionGuid = {73709565-A29A-4FED-ADAB-A9F9BFEAC4A2}
	EndGlobalSection
EndGlobal
